# This file is autogenerated, do not edit; changes may be undone by the next 'dep ensure'.


[[projects]]
  branch = "master"
  name = "github.com/wreulicke/gojg"
  packages = ["ast"]
  revision = "5b758b5c84feb949ed899db2133d5ffec42270ea"

[solve-meta]
  analyzer-name = "dep"
  analyzer-version = 1
  inputs-digest = "cc1c9ce1080bbe549bfd0f9b2524e8a1c766c92ae727c02992f8f0120b6c9702"
  solver-name = "gps-cdcl"
  solver-version = 1
